
Microsoft Visual Studio Solution File, Format Version 12.00
# Visual Studio Version 17
VisualStudioVersion = 17.13.35828.75 d17.13
MinimumVisualStudioVersion = 10.0.40219.1
Project("{FAE04EC0-301F-11D3-BF4B-00C04F79EFBC}") = "Unidad4NoSQL", "Unidad4NoSQL\Unidad4NoSQL.csproj", "{56478A47-9704-4C87-B361-26364C99361F}"
EndProject
Global
	GlobalSection(SolutionConfigurationPlatforms) = preSolution
		Debug|Any CPU = Debug|Any CPU
		Release|Any CPU = Release|Any CPU
	EndGlobalSection
	GlobalSection(ProjectConfigurationPlatforms) = postSolution
		{56478A47-9704-4C87-B361-26364C99361F}.Debug|Any CPU.ActiveCfg = Debug|Any CPU
		{56478A47-9704-4C87-B361-26364C99361F}.Debug|Any CPU.Build.0 = Debug|Any CPU
		{56478A47-9704-4C87-B361-26364C99361F}.Release|Any CPU.ActiveCfg = Release|Any CPU
		{56478A47-9704-4C87-B361-26364C99361F}.Release|Any CPU.Build.0 = Release|Any CPU
	EndGlobalSection
	GlobalSection(SolutionProperties) = preSolution
		HideSolutionNode = FALSE
	EndGlobalSection
	GlobalSection(ExtensibilityGlobals) = postSolution
		SolutionGuid = {73462657-9516-4802-803E-2125F15A160E}
	EndGlobalSection
EndGlobal
